# THIS IS AN AUTOGENERATED FILE. DO NOT EDIT THIS FILE DIRECTLY.
# yarn lockfile v1


"@shepherdjerred/dagger-utils@^0.3.0":
  version "0.3.0"
  resolved "https://registry.yarnpkg.com/@shepherdjerred/dagger-utils/-/dagger-utils-0.3.0.tgz#548dad00098568cd4565e819f25fe21468a67b28"
  integrity sha512-LI9FPbIwS3zKdSou+gUM4dG3IaqlXXRQzG8idAe2D2H5D6E3qzBy49J56a02mEnr2bnE6FveN3H21I83QWJLsA==
  dependencies:
    zod "^4.0.0"

typescript@^5.5.4:
  version "5.9.3"
  resolved "https://registry.yarnpkg.com/typescript/-/typescript-5.9.3.tgz#5b4f59e15310ab17a216f5d6cf53ee476ede670f"
  integrity sha512-jl1vZzPDinLr9eUt3J/t7V6FgNEw9QjvBPdysz9KfQDD41fQrC2Y4vKQdiaUpFT4bXlb1RHhLpp8wtm6M5TgSw==

zod@^4.0.0:
  version "4.2.1"
  resolved "https://registry.yarnpkg.com/zod/-/zod-4.2.1.tgz#07f0388c7edbfd5f5a2466181cb4adf5b5dbd57b"
  integrity sha512-0wZ1IRqGGhMP76gLqz8EyfBXKk0J2qo2+H3fi4mcUP/KtTocoX08nmIAHl1Z2kJIZbZee8KOpBCSNPRgauucjw==
